
Microsoft Visual Studio Solution File, Format Version 12.00
# Visual Studio Version 16
VisualStudioVersion = 16.0.32929.386
MinimumVisualStudioVersion = 10.0.40219.1
Project("{9A19103F-16F7-4668-BE54-9A1E7A4F7556}") = "ConsoleApp3", "ConsoleApp3\ConsoleApp3.csproj", "{9CAF265D-0F2E-4A9A-B663-26DA8DAE2CC9}"
EndProject
Project("{8BC9CEB8-8B4A-11D0-8D11-00A0C91BC942}") = "qwerty", "qwerty\qwerty.vcxproj", "{D4FB723B-D860-4F2A-9287-ABD3F43E131C}"
EndProject
Project("{8BC9CEB8-8B4A-11D0-8D11-00A0C91BC942}") = "Dll1", "Dll1\Dll1.vcxproj", "{ABDCD9DA-2983-4E58-9846-7B55B3D17331}"
EndProject
Global
	GlobalSection(SolutionConfigurationPlatforms) = preSolution
		Debug|Any CPU = Debug|Any CPU
		Debug|x64 = Debug|x64
		Debug|x86 = Debug|x86
		Release|Any CPU = Release|Any CPU
		Release|x64 = Release|x64
		Release|x86 = Release|x86
	EndGlobalSection
	GlobalSection(ProjectConfigurationPlatforms) = postSolution
		{9CAF265D-0F2E-4A9A-B663-26DA8DAE2CC9}.Debug|Any CPU.ActiveCfg = Debug|Any CPU
		{9CAF265D-0F2E-4A9A-B663-26DA8DAE2CC9}.Debug|Any CPU.Build.0 = Debug|Any CPU
		{9CAF265D-0F2E-4A9A-B663-26DA8DAE2CC9}.Debug|x64.ActiveCfg = Debug|Any CPU
		{9CAF265D-0F2E-4A9A-B663-26DA8DAE2CC9}.Debug|x64.Build.0 = Debug|Any CPU
		{9CAF265D-0F2E-4A9A-B663-26DA8DAE2CC9}.Debug|x86.ActiveCfg = Debug|Any CPU
		{9CAF265D-0F2E-4A9A-B663-26DA8DAE2CC9}.Debug|x86.Build.0 = Debug|Any CPU
		{9CAF265D-0F2E-4A9A-B663-26DA8DAE2CC9}.Release|Any CPU.ActiveCfg = Release|Any CPU
		{9CAF265D-0F2E-4A9A-B663-26DA8DAE2CC9}.Release|Any CPU.Build.0 = Release|Any CPU
		{9CAF265D-0F2E-4A9A-B663-26DA8DAE2CC9}.Release|x64.ActiveCfg = Release|Any CPU
		{9CAF265D-0F2E-4A9A-B663-26DA8DAE2CC9}.Release|x64.Build.0 = Release|Any CPU
		{9CAF265D-0F2E-4A9A-B663-26DA8DAE2CC9}.Release|x86.ActiveCfg = Release|Any CPU
		{9CAF265D-0F2E-4A9A-B663-26DA8DAE2CC9}.Release|x86.Build.0 = Release|Any CPU
		{D4FB723B-D860-4F2A-9287-ABD3F43E131C}.Debug|Any CPU.ActiveCfg = Debug|Win32
		{D4FB723B-D860-4F2A-9287-ABD3F43E131C}.Debug|x64.ActiveCfg = Debug|x64
		{D4FB723B-D860-4F2A-9287-ABD3F43E131C}.Debug|x64.Build.0 = Debug|x64
		{D4FB723B-D860-4F2A-9287-ABD3F43E131C}.Debug|x86.ActiveCfg = Debug|Win32
		{D4FB723B-D860-4F2A-9287-ABD3F43E131C}.Debug|x86.Build.0 = Debug|Win32
		{D4FB723B-D860-4F2A-9287-ABD3F43E131C}.Release|Any CPU.ActiveCfg = Release|Win32
		{D4FB723B-D860-4F2A-9287-ABD3F43E131C}.Release|x64.ActiveCfg = Release|x64
		{D4FB723B-D860-4F2A-9287-ABD3F43E131C}.Release|x64.Build.0 = Release|x64
		{D4FB723B-D860-4F2A-9287-ABD3F43E131C}.Release|x86.ActiveCfg = Release|Win32
		{D4FB723B-D860-4F2A-9287-ABD3F43E131C}.Release|x86.Build.0 = Release|Win32
		{ABDCD9DA-2983-4E58-9846-7B55B3D17331}.Debug|Any CPU.ActiveCfg = Debug|Win32
		{ABDCD9DA-2983-4E58-9846-7B55B3D17331}.Debug|x64.ActiveCfg = Debug|x64
		{ABDCD9DA-2983-4E58-9846-7B55B3D17331}.Debug|x64.Build.0 = Debug|x64
		{ABDCD9DA-2983-4E58-9846-7B55B3D17331}.Debug|x86.ActiveCfg = Debug|Win32
		{ABDCD9DA-2983-4E58-9846-7B55B3D17331}.Debug|x86.Build.0 = Debug|Win32
		{ABDCD9DA-2983-4E58-9846-7B55B3D17331}.Release|Any CPU.ActiveCfg = Release|Win32
		{ABDCD9DA-2983-4E58-9846-7B55B3D17331}.Release|x64.ActiveCfg = Release|x64
		{ABDCD9DA-2983-4E58-9846-7B55B3D17331}.Release|x64.Build.0 = Release|x64
		{ABDCD9DA-2983-4E58-9846-7B55B3D17331}.Release|x86.ActiveCfg = Release|Win32
		{ABDCD9DA-2983-4E58-9846-7B55B3D17331}.Release|x86.Build.0 = Release|Win32
	EndGlobalSection
	GlobalSection(SolutionProperties) = preSolution
		HideSolutionNode = FALSE
	EndGlobalSection
	GlobalSection(ExtensibilityGlobals) = postSolution
		SolutionGuid = {41DA243B-ACE3-4E15-8C2B-13938D9E18F8}
	EndGlobalSection
EndGlobal
